
Microsoft Visual Studio Solution File, Format Version 12.00
# Visual Studio 15
VisualStudioVersion = 15.0.26730.12
MinimumVisualStudioVersion = 10.0.40219.1
Project("{FAE04EC0-301F-11D3-BF4B-00C04F79EFBC}") = "p1.Android", "p1\p1.Android\p1.Android.csproj", "{00A4F37D-1E73-46AF-8484-8D8105FEFB14}"
EndProject
Project("{FAE04EC0-301F-11D3-BF4B-00C04F79EFBC}") = "p1", "p1\p1\p1.csproj", "{C4C1455D-9C9A-4135-B376-511BD5D8FF0E}"
EndProject
Project("{FAE04EC0-301F-11D3-BF4B-00C04F79EFBC}") = "p1.UWP", "p1\p1.UWP\p1.UWP.csproj", "{49E13D7E-501D-4A27-9F9E-6F1F803BBF2F}"
EndProject
Project("{FAE04EC0-301F-11D3-BF4B-00C04F79EFBC}") = "p1.iOS", "p1\p1.iOS\p1.iOS.csproj", "{BAFE9606-0B89-440E-892E-DADFEFDC1D41}"
EndProject
Global
	GlobalSection(SolutionConfigurationPlatforms) = preSolution
		Ad-Hoc|Any CPU = Ad-Hoc|Any CPU
		Ad-Hoc|ARM = Ad-Hoc|ARM
		Ad-Hoc|iPhone = Ad-Hoc|iPhone
		Ad-Hoc|iPhoneSimulator = Ad-Hoc|iPhoneSimulator
		Ad-Hoc|x64 = Ad-Hoc|x64
		Ad-Hoc|x86 = Ad-Hoc|x86
		AppStore|Any CPU = AppStore|Any CPU
		AppStore|ARM = AppStore|ARM
		AppStore|iPhone = AppStore|iPhone
		AppStore|iPhoneSimulator = AppStore|iPhoneSimulator
		AppStore|x64 = AppStore|x64
		AppStore|x86 = AppStore|x86
		Debug|Any CPU = Debug|Any CPU
		Debug|ARM = Debug|ARM
		Debug|iPhone = Debug|iPhone
		Debug|iPhoneSimulator = Debug|iPhoneSimulator
		Debug|x64 = Debug|x64
		Debug|x86 = Debug|x86
		Release|Any CPU = Release|Any CPU
		Release|ARM = Release|ARM
		Release|iPhone = Release|iPhone
		Release|iPhoneSimulator = Release|iPhoneSimulator
		Release|x64 = Release|x64
		Release|x86 = Release|x86
	EndGlobalSection
	GlobalSection(ProjectConfigurationPlatforms) = postSolution
		{00A4F37D-1E73-46AF-8484-8D8105FEFB14}.Ad-Hoc|Any CPU.ActiveCfg = Release|Any CPU
		{00A4F37D-1E73-46AF-8484-8D8105FEFB14}.Ad-Hoc|Any CPU.Build.0 = Release|Any CPU
		{00A4F37D-1E73-46AF-8484-8D8105FEFB14}.Ad-Hoc|Any CPU.Deploy.0 = Release|Any CPU
		{00A4F37D-1E73-46AF-8484-8D8105FEFB14}.Ad-Hoc|ARM.ActiveCfg = Release|Any CPU
		{00A4F37D-1E73-46AF-8484-8D8105FEFB14}.Ad-Hoc|ARM.Build.0 = Release|Any CPU
		{00A4F37D-1E73-46AF-8484-8D8105FEFB14}.Ad-Hoc|ARM.Deploy.0 = Release|Any CPU
		{00A4F37D-1E73-46AF-8484-8D8105FEFB14}.Ad-Hoc|iPhone.ActiveCfg = Release|Any CPU
		{00A4F37D-1E73-46AF-8484-8D8105FEFB14}.Ad-Hoc|iPhone.Build.0 = Release|Any CPU
		{00A4F37D-1E73-46AF-8484-8D8105FEFB14}.Ad-Hoc|iPhone.Deploy.0 = Release|Any CPU
		{00A4F37D-1E73-46AF-8484-8D8105FEFB14}.Ad-Hoc|iPhoneSimulator.ActiveCfg = Release|Any CPU
		{00A4F37D-1E73-46AF-8484-8D8105FEFB14}.Ad-Hoc|iPhoneSimulator.Build.0 = Release|Any CPU
		{00A4F37D-1E73-46AF-8484-8D8105FEFB14}.Ad-Hoc|iPhoneSimulator.Deploy.0 = Release|Any CPU
		{00A4F37D-1E73-46AF-8484-8D8105FEFB14}.Ad-Hoc|x64.ActiveCfg = Release|Any CPU
		{00A4F37D-1E73-46AF-8484-8D8105FEFB14}.Ad-Hoc|x64.Build.0 = Release|Any CPU
		{00A4F37D-1E73-46AF-8484-8D8105FEFB14}.Ad-Hoc|x64.Deploy.0 = Release|Any CPU
		{00A4F37D-1E73-46AF-8484-8D8105FEFB14}.Ad-Hoc|x86.ActiveCfg = Release|Any CPU
		{00A4F37D-1E73-46AF-8484-8D8105FEFB14}.Ad-Hoc|x86.Build.0 = Release|Any CPU
		{00A4F37D-1E73-46AF-8484-8D8105FEFB14}.Ad-Hoc|x86.Deploy.0 = Release|Any CPU
		{00A4F37D-1E73-46AF-8484-8D8105FEFB14}.AppStore|Any CPU.ActiveCfg = Release|Any CPU
		{00A4F37D-1E73-46AF-8484-8D8105FEFB14}.AppStore|Any CPU.Build.0 = Release|Any CPU
		{00A4F37D-1E73-46AF-8484-8D8105FEFB14}.AppStore|Any CPU.Deploy.0 = Release|Any CPU
		{00A4F37D-1E73-46AF-8484-8D8105FEFB14}.AppStore|ARM.ActiveCfg = Release|Any CPU
		{00A4F37D-1E73-46AF-8484-8D8105FEFB14}.AppStore|ARM.Build.0 = Release|Any CPU
		{00A4F37D-1E73-46AF-8484-8D8105FEFB14}.AppStore|ARM.Deploy.0 = Release|Any CPU
		{00A4F37D-1E73-46AF-8484-8D8105FEFB14}.AppStore|iPhone.ActiveCfg = Release|Any CPU
		{00A4F37D-1E73-46AF-8484-8D8105FEFB14}.AppStore|iPhone.Build.0 = Release|Any CPU
		{00A4F37D-1E73-46AF-8484-8D8105FEFB14}.AppStore|iPhone.Deploy.0 = Release|Any CPU
		{00A4F37D-1E73-46AF-8484-8D8105FEFB14}.AppStore|iPhoneSimulator.ActiveCfg = Release|Any CPU
		{00A4F37D-1E73-46AF-8484-8D8105FEFB14}.AppStore|iPhoneSimulator.Build.0 = Release|Any CPU
		{00A4F37D-1E73-46AF-8484-8D8105FEFB14}.AppStore|iPhoneSimulator.Deploy.0 = Release|Any CPU
		{00A4F37D-1E73-46AF-8484-8D8105FEFB14}.AppStore|x64.ActiveCfg = Release|Any CPU
		{00A4F37D-1E73-46AF-8484-8D8105FEFB14}.AppStore|x64.Build.0 = Release|Any CPU
		{00A4F37D-1E73-46AF-8484-8D8105FEFB14}.AppStore|x64.Deploy.0 = Release|Any CPU
		{00A4F37D-1E73-46AF-8484-8D8105FEFB14}.AppStore|x86.ActiveCfg = Release|Any CPU
		{00A4F37D-1E73-46AF-8484-8D8105FEFB14}.AppStore|x86.Build.0 = Release|Any CPU
		{00A4F37D-1E73-46AF-8484-8D8105FEFB14}.AppStore|x86.Deploy.0 = Release|Any CPU
		{00A4F37D-1E73-46AF-8484-8D8105FEFB14}.Debug|Any CPU.ActiveCfg = Debug|Any CPU
		{00A4F37D-1E73-46AF-8484-8D8105FEFB14}.Debug|Any CPU.Build.0 = Debug|Any CPU
		{00A4F37D-1E73-46AF-8484-8D8105FEFB14}.Debug|Any CPU.Deploy.0 = Debug|Any CPU
		{00A4F37D-1E73-46AF-8484-8D8105FEFB14}.Debug|ARM.ActiveCfg = Debug|Any CPU
		{00A4F37D-1E73-46AF-8484-8D8105FEFB14}.Debug|ARM.Build.0 = Debug|Any CPU
		{00A4F37D-1E73-46AF-8484-8D8105FEFB14}.Debug|ARM.Deploy.0 = Debug|Any CPU
		{00A4F37D-1E73-46AF-8484-8D8105FEFB14}.Debug|iPhone.ActiveCfg = Debug|Any CPU
		{00A4F37D-1E73-46AF-8484-8D8105FEFB14}.Debug|iPhone.Build.0 = Debug|Any CPU
		{00A4F37D-1E73-46AF-8484-8D8105FEFB14}.Debug|iPhone.Deploy.0 = Debug|Any CPU
		{00A4F37D-1E73-46AF-8484-8D8105FEFB14}.Debug|iPhoneSimulator.ActiveCfg = Debug|Any CPU
		{00A4F37D-1E73-46AF-8484-8D8105FEFB14}.Debug|iPhoneSimulator.Build.0 = Debug|Any CPU
		{00A4F37D-1E73-46AF-8484-8D8105FEFB14}.Debug|iPhoneSimulator.Deploy.0 = Debug|Any CPU
		{00A4F37D-1E73-46AF-8484-8D8105FEFB14}.Debug|x64.ActiveCfg = Debug|Any CPU
		{00A4F37D-1E73-46AF-8484-8D8105FEFB14}.Debug|x64.Build.0 = Debug|Any CPU
		{00A4F37D-1E73-46AF-8484-8D8105FEFB14}.Debug|x64.Deploy.0 = Debug|Any CPU
		{00A4F37D-1E73-46AF-8484-8D8105FEFB14}.Debug|x86.ActiveCfg = Debug|Any CPU
		{00A4F37D-1E73-46AF-8484-8D8105FEFB14}.Debug|x86.Build.0 = Debug|Any CPU
		{00A4F37D-1E73-46AF-8484-8D8105FEFB14}.Debug|x86.Deploy.0 = Debug|Any CPU
		{00A4F37D-1E73-46AF-8484-8D8105FEFB14}.Release|Any CPU.ActiveCfg = Release|Any CPU
		{00A4F37D-1E73-46AF-8484-8D8105FEFB14}.Release|Any CPU.Build.0 = Release|Any CPU
		{00A4F37D-1E73-46AF-8484-8D8105FEFB14}.Release|Any CPU.Deploy.0 = Release|Any CPU
		{00A4F37D-1E73-46AF-8484-8D8105FEFB14}.Release|ARM.ActiveCfg = Release|Any CPU
		{00A4F37D-1E73-46AF-8484-8D8105FEFB14}.Release|ARM.Build.0 = Release|Any CPU
		{00A4F37D-1E73-46AF-8484-8D8105FEFB14}.Release|ARM.Deploy.0 = Release|Any CPU
		{00A4F37D-1E73-46AF-8484-8D8105FEFB14}.Release|iPhone.ActiveCfg = Release|Any CPU
		{00A4F37D-1E73-46AF-8484-8D8105FEFB14}.Release|iPhone.Build.0 = Release|Any CPU
		{00A4F37D-1E73-46AF-8484-8D8105FEFB14}.Release|iPhone.Deploy.0 = Release|Any CPU
		{00A4F37D-1E73-46AF-8484-8D8105FEFB14}.Release|iPhoneSimulator.ActiveCfg = Release|Any CPU
		{00A4F37D-1E73-46AF-8484-8D8105FEFB14}.Release|iPhoneSimulator.Build.0 = Release|Any CPU
		{00A4F37D-1E73-46AF-8484-8D8105FEFB14}.Release|iPhoneSimulator.Deploy.0 = Release|Any CPU
		{00A4F37D-1E73-46AF-8484-8D8105FEFB14}.Release|x64.ActiveCfg = Release|Any CPU
		{00A4F37D-1E73-46AF-8484-8D8105FEFB14}.Release|x64.Build.0 = Release|Any CPU
		{00A4F37D-1E73-46AF-8484-8D8105FEFB14}.Release|x64.Deploy.0 = Release|Any CPU
		{00A4F37D-1E73-46AF-8484-8D8105FEFB14}.Release|x86.ActiveCfg = Release|Any CPU
		{00A4F37D-1E73-46AF-8484-8D8105FEFB14}.Release|x86.Build.0 = Release|Any CPU
		{00A4F37D-1E73-46AF-8484-8D8105FEFB14}.Release|x86.Deploy.0 = Release|Any CPU
		{C4C1455D-9C9A-4135-B376-511BD5D8FF0E}.Ad-Hoc|Any CPU.ActiveCfg = Release|Any CPU
		{C4C1455D-9C9A-4135-B376-511BD5D8FF0E}.Ad-Hoc|Any CPU.Build.0 = Release|Any CPU
		{C4C1455D-9C9A-4135-B376-511BD5D8FF0E}.Ad-Hoc|ARM.ActiveCfg = Release|Any CPU
		{C4C1455D-9C9A-4135-B376-511BD5D8FF0E}.Ad-Hoc|ARM.Build.0 = Release|Any CPU
		{C4C1455D-9C9A-4135-B376-511BD5D8FF0E}.Ad-Hoc|iPhone.ActiveCfg = Release|Any CPU
		{C4C1455D-9C9A-4135-B376-511BD5D8FF0E}.Ad-Hoc|iPhone.Build.0 = Release|Any CPU
		{C4C1455D-9C9A-4135-B376-511BD5D8FF0E}.Ad-Hoc|iPhoneSimulator.ActiveCfg = Release|Any CPU
		{C4C1455D-9C9A-4135-B376-511BD5D8FF0E}.Ad-Hoc|iPhoneSimulator.Build.0 = Release|Any CPU
		{C4C1455D-9C9A-4135-B376-511BD5D8FF0E}.Ad-Hoc|x64.ActiveCfg = Release|Any CPU
		{C4C1455D-9C9A-4135-B376-511BD5D8FF0E}.Ad-Hoc|x64.Build.0 = Release|Any CPU
		{C4C1455D-9C9A-4135-B376-511BD5D8FF0E}.Ad-Hoc|x86.ActiveCfg = Release|Any CPU
		{C4C1455D-9C9A-4135-B376-511BD5D8FF0E}.Ad-Hoc|x86.Build.0 = Release|Any CPU
		{C4C1455D-9C9A-4135-B376-511BD5D8FF0E}.AppStore|Any CPU.ActiveCfg = Release|Any CPU
		{C4C1455D-9C9A-4135-B376-511BD5D8FF0E}.AppStore|Any CPU.Build.0 = Release|Any CPU
		{C4C1455D-9C9A-4135-B376-511BD5D8FF0E}.AppStore|ARM.ActiveCfg = Release|Any CPU
		{C4C1455D-9C9A-4135-B376-511BD5D8FF0E}.AppStore|ARM.Build.0 = Release|Any CPU
		{C4C1455D-9C9A-4135-B376-511BD5D8FF0E}.AppStore|iPhone.ActiveCfg = Release|Any CPU
		{C4C1455D-9C9A-4135-B376-511BD5D8FF0E}.AppStore|iPhone.Build.0 = Release|Any CPU
		{C4C1455D-9C9A-4135-B376-511BD5D8FF0E}.AppStore|iPhoneSimulator.ActiveCfg = Release|Any CPU
		{C4C1455D-9C9A-4135-B376-511BD5D8FF0E}.AppStore|iPhoneSimulator.Build.0 = Release|Any CPU
		{C4C1455D-9C9A-4135-B376-511BD5D8FF0E}.AppStore|x64.ActiveCfg = Release|Any CPU
		{C4C1455D-9C9A-4135-B376-511BD5D8FF0E}.AppStore|x64.Build.0 = Release|Any CPU
		{C4C1455D-9C9A-4135-B376-511BD5D8FF0E}.AppStore|x86.ActiveCfg = Release|Any CPU
		{C4C1455D-9C9A-4135-B376-511BD5D8FF0E}.AppStore|x86.Build.0 = Release|Any CPU
		{C4C1455D-9C9A-4135-B376-511BD5D8FF0E}.Debug|Any CPU.ActiveCfg = Debug|Any CPU
		{C4C1455D-9C9A-4135-B376-511BD5D8FF0E}.Debug|Any CPU.Build.0 = Debug|Any CPU
		{C4C1455D-9C9A-4135-B376-511BD5D8FF0E}.Debug|ARM.ActiveCfg = Debug|Any CPU
		{C4C1455D-9C9A-4135-B376-511BD5D8FF0E}.Debug|ARM.Build.0 = Debug|Any CPU
		{C4C1455D-9C9A-4135-B376-511BD5D8FF0E}.Debug|iPhone.ActiveCfg = Debug|Any CPU
		{C4C1455D-9C9A-4135-B376-511BD5D8FF0E}.Debug|iPhone.Build.0 = Debug|Any CPU
		{C4C1455D-9C9A-4135-B376-511BD5D8FF0E}.Debug|iPhoneSimulator.ActiveCfg = Debug|Any CPU
		{C4C1455D-9C9A-4135-B376-511BD5D8FF0E}.Debug|iPhoneSimulator.Build.0 = Debug|Any CPU
		{C4C1455D-9C9A-4135-B376-511BD5D8FF0E}.Debug|x64.ActiveCfg = Debug|Any CPU
		{C4C1455D-9C9A-4135-B376-511BD5D8FF0E}.Debug|x64.Build.0 = Debug|Any CPU
		{C4C1455D-9C9A-4135-B376-511BD5D8FF0E}.Debug|x86.ActiveCfg = Debug|Any CPU
		{C4C1455D-9C9A-4135-B376-511BD5D8FF0E}.Debug|x86.Build.0 = Debug|Any CPU
		{C4C1455D-9C9A-4135-B376-511BD5D8FF0E}.Release|Any CPU.ActiveCfg = Release|Any CPU
		{C4C1455D-9C9A-4135-B376-511BD5D8FF0E}.Release|Any CPU.Build.0 = Release|Any CPU
		{C4C1455D-9C9A-4135-B376-511BD5D8FF0E}.Release|ARM.ActiveCfg = Release|Any CPU
		{C4C1455D-9C9A-4135-B376-511BD5D8FF0E}.Release|ARM.Build.0 = Release|Any CPU
		{C4C1455D-9C9A-4135-B376-511BD5D8FF0E}.Release|iPhone.ActiveCfg = Release|Any CPU
		{C4C1455D-9C9A-4135-B376-511BD5D8FF0E}.Release|iPhone.Build.0 = Release|Any CPU
		{C4C1455D-9C9A-4135-B376-511BD5D8FF0E}.Release|iPhoneSimulator.ActiveCfg = Release|Any CPU
		{C4C1455D-9C9A-4135-B376-511BD5D8FF0E}.Release|iPhoneSimulator.Build.0 = Release|Any CPU
		{C4C1455D-9C9A-4135-B376-511BD5D8FF0E}.Release|x64.ActiveCfg = Release|Any CPU
		{C4C1455D-9C9A-4135-B376-511BD5D8FF0E}.Release|x64.Build.0 = Release|Any CPU
		{C4C1455D-9C9A-4135-B376-511BD5D8FF0E}.Release|x86.ActiveCfg = Release|Any CPU
		{C4C1455D-9C9A-4135-B376-511BD5D8FF0E}.Release|x86.Build.0 = Release|Any CPU
		{49E13D7E-501D-4A27-9F9E-6F1F803BBF2F}.Ad-Hoc|Any CPU.ActiveCfg = Release|x86
		{49E13D7E-501D-4A27-9F9E-6F1F803BBF2F}.Ad-Hoc|Any CPU.Build.0 = Release|x86
		{49E13D7E-501D-4A27-9F9E-6F1F803BBF2F}.Ad-Hoc|Any CPU.Deploy.0 = Release|x86
		{49E13D7E-501D-4A27-9F9E-6F1F803BBF2F}.Ad-Hoc|ARM.ActiveCfg = Release|ARM
		{49E13D7E-501D-4A27-9F9E-6F1F803BBF2F}.Ad-Hoc|ARM.Build.0 = Release|ARM
		{49E13D7E-501D-4A27-9F9E-6F1F803BBF2F}.Ad-Hoc|ARM.Deploy.0 = Release|ARM
		{49E13D7E-501D-4A27-9F9E-6F1F803BBF2F}.Ad-Hoc|iPhone.ActiveCfg = Release|x86
		{49E13D7E-501D-4A27-9F9E-6F1F803BBF2F}.Ad-Hoc|iPhone.Build.0 = Release|x86
		{49E13D7E-501D-4A27-9F9E-6F1F803BBF2F}.Ad-Hoc|iPhone.Deploy.0 = Release|x86
		{49E13D7E-501D-4A27-9F9E-6F1F803BBF2F}.Ad-Hoc|iPhoneSimulator.ActiveCfg = Release|x86
		{49E13D7E-501D-4A27-9F9E-6F1F803BBF2F}.Ad-Hoc|iPhoneSimulator.Build.0 = Release|x86
		{49E13D7E-501D-4A27-9F9E-6F1F803BBF2F}.Ad-Hoc|iPhoneSimulator.Deploy.0 = Release|x86
		{49E13D7E-501D-4A27-9F9E-6F1F803BBF2F}.Ad-Hoc|x64.ActiveCfg = Release|x64
		{49E13D7E-501D-4A27-9F9E-6F1F803BBF2F}.Ad-Hoc|x64.Build.0 = Release|x64
		{49E13D7E-501D-4A27-9F9E-6F1F803BBF2F}.Ad-Hoc|x64.Deploy.0 = Release|x64
		{49E13D7E-501D-4A27-9F9E-6F1F803BBF2F}.Ad-Hoc|x86.ActiveCfg = Release|x86
		{49E13D7E-501D-4A27-9F9E-6F1F803BBF2F}.Ad-Hoc|x86.Build.0 = Release|x86
		{49E13D7E-501D-4A27-9F9E-6F1F803BBF2F}.Ad-Hoc|x86.Deploy.0 = Release|x86
		{49E13D7E-501D-4A27-9F9E-6F1F803BBF2F}.AppStore|Any CPU.ActiveCfg = Release|x86
		{49E13D7E-501D-4A27-9F9E-6F1F803BBF2F}.AppStore|Any CPU.Build.0 = Release|x86
		{49E13D7E-501D-4A27-9F9E-6F1F803BBF2F}.AppStore|Any CPU.Deploy.0 = Release|x86
		{49E13D7E-501D-4A27-9F9E-6F1F803BBF2F}.AppStore|ARM.ActiveCfg = Release|ARM
		{49E13D7E-501D-4A27-9F9E-6F1F803BBF2F}.AppStore|ARM.Build.0 = Release|ARM
		{49E13D7E-501D-4A27-9F9E-6F1F803BBF2F}.AppStore|ARM.Deploy.0 = Release|ARM
		{49E13D7E-501D-4A27-9F9E-6F1F803BBF2F}.AppStore|iPhone.ActiveCfg = Release|x86
		{49E13D7E-501D-4A27-9F9E-6F1F803BBF2F}.AppStore|iPhone.Build.0 = Release|x86
		{49E13D7E-501D-4A27-9F9E-6F1F803BBF2F}.AppStore|iPhone.Deploy.0 = Release|x86
		{49E13D7E-501D-4A27-9F9E-6F1F803BBF2F}.AppStore|iPhoneSimulator.ActiveCfg = Release|x86
		{49E13D7E-501D-4A27-9F9E-6F1F803BBF2F}.AppStore|iPhoneSimulator.Build.0 = Release|x86
		{49E13D7E-501D-4A27-9F9E-6F1F803BBF2F}.AppStore|iPhoneSimulator.Deploy.0 = Release|x86
		{49E13D7E-501D-4A27-9F9E-6F1F803BBF2F}.AppStore|x64.ActiveCfg = Release|x64
		{49E13D7E-501D-4A27-9F9E-6F1F803BBF2F}.AppStore|x64.Build.0 = Release|x64
		{49E13D7E-501D-4A27-9F9E-6F1F803BBF2F}.AppStore|x64.Deploy.0 = Release|x64
		{49E13D7E-501D-4A27-9F9E-6F1F803BBF2F}.AppStore|x86.ActiveCfg = Release|x86
		{49E13D7E-501D-4A27-9F9E-6F1F803BBF2F}.AppStore|x86.Build.0 = Release|x86
		{49E13D7E-501D-4A27-9F9E-6F1F803BBF2F}.AppStore|x86.Deploy.0 = Release|x86
		{49E13D7E-501D-4A27-9F9E-6F1F803BBF2F}.Debug|Any CPU.ActiveCfg = Debug|x86
		{49E13D7E-501D-4A27-9F9E-6F1F803BBF2F}.Debug|ARM.ActiveCfg = Debug|ARM
		{49E13D7E-501D-4A27-9F9E-6F1F803BBF2F}.Debug|ARM.Build.0 = Debug|ARM
		{49E13D7E-501D-4A27-9F9E-6F1F803BBF2F}.Debug|ARM.Deploy.0 = Debug|ARM
		{49E13D7E-501D-4A27-9F9E-6F1F803BBF2F}.Debug|iPhone.ActiveCfg = Debug|x86
		{49E13D7E-501D-4A27-9F9E-6F1F803BBF2F}.Debug|iPhoneSimulator.ActiveCfg = Debug|x86
		{49E13D7E-501D-4A27-9F9E-6F1F803BBF2F}.Debug|x64.ActiveCfg = Debug|x64
		{49E13D7E-501D-4A27-9F9E-6F1F803BBF2F}.Debug|x64.Build.0 = Debug|x64
		{49E13D7E-501D-4A27-9F9E-6F1F803BBF2F}.Debug|x64.Deploy.0 = Debug|x64
		{49E13D7E-501D-4A27-9F9E-6F1F803BBF2F}.Debug|x86.ActiveCfg = Debug|x86
		{49E13D7E-501D-4A27-9F9E-6F1F803BBF2F}.Debug|x86.Build.0 = Debug|x86
		{49E13D7E-501D-4A27-9F9E-6F1F803BBF2F}.Debug|x86.Deploy.0 = Debug|x86
		{49E13D7E-501D-4A27-9F9E-6F1F803BBF2F}.Release|Any CPU.ActiveCfg = Release|x86
		{49E13D7E-501D-4A27-9F9E-6F1F803BBF2F}.Release|ARM.ActiveCfg = Release|ARM
		{49E13D7E-501D-4A27-9F9E-6F1F803BBF2F}.Release|ARM.Build.0 = Release|ARM
		{49E13D7E-501D-4A27-9F9E-6F1F803BBF2F}.Release|ARM.Deploy.0 = Release|ARM
		{49E13D7E-501D-4A27-9F9E-6F1F803BBF2F}.Release|iPhone.ActiveCfg = Release|x86
		{49E13D7E-501D-4A27-9F9E-6F1F803BBF2F}.Release|iPhoneSimulator.ActiveCfg = Release|x86
		{49E13D7E-501D-4A27-9F9E-6F1F803BBF2F}.Release|x64.ActiveCfg = Release|x64
		{49E13D7E-501D-4A27-9F9E-6F1F803BBF2F}.Release|x64.Build.0 = Release|x64
		{49E13D7E-501D-4A27-9F9E-6F1F803BBF2F}.Release|x64.Deploy.0 = Release|x64
		{49E13D7E-501D-4A27-9F9E-6F1F803BBF2F}.Release|x86.ActiveCfg = Release|x86
		{49E13D7E-501D-4A27-9F9E-6F1F803BBF2F}.Release|x86.Build.0 = Release|x86
		{49E13D7E-501D-4A27-9F9E-6F1F803BBF2F}.Release|x86.Deploy.0 = Release|x86
		{BAFE9606-0B89-440E-892E-DADFEFDC1D41}.Ad-Hoc|Any CPU.ActiveCfg = Ad-Hoc|iPhone
		{BAFE9606-0B89-440E-892E-DADFEFDC1D41}.Ad-Hoc|ARM.ActiveCfg = Ad-Hoc|iPhone
		{BAFE9606-0B89-440E-892E-DADFEFDC1D41}.Ad-Hoc|iPhone.ActiveCfg = Ad-Hoc|iPhone
		{BAFE9606-0B89-440E-892E-DADFEFDC1D41}.Ad-Hoc|iPhone.Build.0 = Ad-Hoc|iPhone
		{BAFE9606-0B89-440E-892E-DADFEFDC1D41}.Ad-Hoc|iPhoneSimulator.ActiveCfg = Ad-Hoc|iPhoneSimulator
		{BAFE9606-0B89-440E-892E-DADFEFDC1D41}.Ad-Hoc|iPhoneSimulator.Build.0 = Ad-Hoc|iPhoneSimulator
		{BAFE9606-0B89-440E-892E-DADFEFDC1D41}.Ad-Hoc|x64.ActiveCfg = Ad-Hoc|iPhone
		{BAFE9606-0B89-440E-892E-DADFEFDC1D41}.Ad-Hoc|x86.ActiveCfg = Ad-Hoc|iPhone
		{BAFE9606-0B89-440E-892E-DADFEFDC1D41}.AppStore|Any CPU.ActiveCfg = AppStore|iPhone
		{BAFE9606-0B89-440E-892E-DADFEFDC1D41}.AppStore|ARM.ActiveCfg = AppStore|iPhone
		{BAFE9606-0B89-440E-892E-DADFEFDC1D41}.AppStore|iPhone.ActiveCfg = AppStore|iPhone
		{BAFE9606-0B89-440E-892E-DADFEFDC1D41}.AppStore|iPhone.Build.0 = AppStore|iPhone
		{BAFE9606-0B89-440E-892E-DADFEFDC1D41}.AppStore|iPhoneSimulator.ActiveCfg = AppStore|iPhoneSimulator
		{BAFE9606-0B89-440E-892E-DADFEFDC1D41}.AppStore|iPhoneSimulator.Build.0 = AppStore|iPhoneSimulator
		{BAFE9606-0B89-440E-892E-DADFEFDC1D41}.AppStore|x64.ActiveCfg = AppStore|iPhone
		{BAFE9606-0B89-440E-892E-DADFEFDC1D41}.AppStore|x86.ActiveCfg = AppStore|iPhone
		{BAFE9606-0B89-440E-892E-DADFEFDC1D41}.Debug|Any CPU.ActiveCfg = Debug|iPhone
		{BAFE9606-0B89-440E-892E-DADFEFDC1D41}.Debug|ARM.ActiveCfg = Debug|iPhone
		{BAFE9606-0B89-440E-892E-DADFEFDC1D41}.Debug|iPhone.ActiveCfg = Debug|iPhone
		{BAFE9606-0B89-440E-892E-DADFEFDC1D41}.Debug|iPhone.Build.0 = Debug|iPhone
		{BAFE9606-0B89-440E-892E-DADFEFDC1D41}.Debug|iPhoneSimulator.ActiveCfg = Debug|iPhoneSimulator
		{BAFE9606-0B89-440E-892E-DADFEFDC1D41}.Debug|iPhoneSimulator.Build.0 = Debug|iPhoneSimulator
		{BAFE9606-0B89-440E-892E-DADFEFDC1D41}.Debug|x64.ActiveCfg = Debug|iPhone
		{BAFE9606-0B89-440E-892E-DADFEFDC1D41}.Debug|x86.ActiveCfg = Debug|iPhone
		{BAFE9606-0B89-440E-892E-DADFEFDC1D41}.Release|Any CPU.ActiveCfg = Release|iPhone
		{BAFE9606-0B89-440E-892E-DADFEFDC1D41}.Release|ARM.ActiveCfg = Release|iPhone
		{BAFE9606-0B89-440E-892E-DADFEFDC1D41}.Release|iPhone.ActiveCfg = Release|iPhone
		{BAFE9606-0B89-440E-892E-DADFEFDC1D41}.Release|iPhone.Build.0 = Release|iPhone
		{BAFE9606-0B89-440E-892E-DADFEFDC1D41}.Release|iPhoneSimulator.ActiveCfg = Release|iPhoneSimulator
		{BAFE9606-0B89-440E-892E-DADFEFDC1D41}.Release|iPhoneSimulator.Build.0 = Release|iPhoneSimulator
		{BAFE9606-0B89-440E-892E-DADFEFDC1D41}.Release|x64.ActiveCfg = Release|iPhone
		{BAFE9606-0B89-440E-892E-DADFEFDC1D41}.Release|x86.ActiveCfg = Release|iPhone
	EndGlobalSection
	GlobalSection(SolutionProperties) = preSolution
		HideSolutionNode = FALSE
	EndGlobalSection
	GlobalSection(ExtensibilityGlobals) = postSolution
		SolutionGuid = {76C6DB4C-65C9-4E7A-8D59-0DDD034FF7B8}
	EndGlobalSection
EndGlobal
